
Microsoft Visual Studio Solution File, Format Version 12.00
Project("{FAE04EC0-301F-11D3-BF4B-00C04F79EFBC}") = "PrinterMaintainer", "PrinterMaintainer\PrinterMaintainer.csproj", "{CC823764-89EF-4D5C-8505-8C19F4A0C075}"
EndProject
Global
	GlobalSection(SolutionConfigurationPlatforms) = preSolution
		Debug|Any CPU = Debug|Any CPU
		Release|Any CPU = Release|Any CPU
	EndGlobalSection
	GlobalSection(ProjectConfigurationPlatforms) = postSolution
		{CC823764-89EF-4D5C-8505-8C19F4A0C075}.Debug|Any CPU.ActiveCfg = Debug|Any CPU
		{CC823764-89EF-4D5C-8505-8C19F4A0C075}.Debug|Any CPU.Build.0 = Debug|Any CPU
		{CC823764-89EF-4D5C-8505-8C19F4A0C075}.Release|Any CPU.ActiveCfg = Release|Any CPU
		{CC823764-89EF-4D5C-8505-8C19F4A0C075}.Release|Any CPU.Build.0 = Release|Any CPU
	EndGlobalSection
EndGlobal
